
Microsoft Visual Studio Solution File, Format Version 12.00
# Visual Studio Version 17
VisualStudioVersion = 17.3.32825.248
MinimumVisualStudioVersion = 10.0.40219.1
Project("{FAE04EC0-301F-11D3-BF4B-00C04F79EFBC}") = "BugTracker", "BugTracker\BugTracker.csproj", "{23107A04-9F28-4E8B-8FC4-5178D9B022C0}"
EndProject
Global
	GlobalSection(SolutionConfigurationPlatforms) = preSolution
		Debug|Any CPU = Debug|Any CPU
		Release|Any CPU = Release|Any CPU
	EndGlobalSection
	GlobalSection(ProjectConfigurationPlatforms) = postSolution
		{23107A04-9F28-4E8B-8FC4-5178D9B022C0}.Debug|Any CPU.ActiveCfg = Debug|Any CPU
		{23107A04-9F28-4E8B-8FC4-5178D9B022C0}.Debug|Any CPU.Build.0 = Debug|Any CPU
		{23107A04-9F28-4E8B-8FC4-5178D9B022C0}.Release|Any CPU.ActiveCfg = Release|Any CPU
		{23107A04-9F28-4E8B-8FC4-5178D9B022C0}.Release|Any CPU.Build.0 = Release|Any CPU
	EndGlobalSection
	GlobalSection(SolutionProperties) = preSolution
		HideSolutionNode = FALSE
	EndGlobalSection
	GlobalSection(ExtensibilityGlobals) = postSolution
		SolutionGuid = {A38680D9-19E9-46D2-91D0-7C01656DB448}
	EndGlobalSection
EndGlobal
